
Microsoft Visual Studio Solution File, Format Version 12.00
# Visual Studio Version 16
VisualStudioVersion = 16.0.29613.14
MinimumVisualStudioVersion = 10.0.40219.1
Project("{FAE04EC0-301F-11D3-BF4B-00C04F79EFBC}") = "UCD", "UCD\UCD.csproj", "{085458E3-F745-4A60-905A-682C724919D1}"
EndProject
Global
	GlobalSection(SolutionConfigurationPlatforms) = preSolution
		Debug|Any CPU = Debug|Any CPU
		Release|Any CPU = Release|Any CPU
	EndGlobalSection
	GlobalSection(ProjectConfigurationPlatforms) = postSolution
		{085458E3-F745-4A60-905A-682C724919D1}.Debug|Any CPU.ActiveCfg = Debug|Any CPU
		{085458E3-F745-4A60-905A-682C724919D1}.Debug|Any CPU.Build.0 = Debug|Any CPU
		{085458E3-F745-4A60-905A-682C724919D1}.Release|Any CPU.ActiveCfg = Release|Any CPU
		{085458E3-F745-4A60-905A-682C724919D1}.Release|Any CPU.Build.0 = Release|Any CPU
	EndGlobalSection
	GlobalSection(SolutionProperties) = preSolution
		HideSolutionNode = FALSE
	EndGlobalSection
	GlobalSection(ExtensibilityGlobals) = postSolution
		SolutionGuid = {72A7983A-1774-43DD-B25F-A680AE3A92D6}
	EndGlobalSection
EndGlobal
